
Microsoft Visual Studio Solution File, Format Version 12.00
# Visual Studio Version 17
VisualStudioVersion = 17.4.33205.214
MinimumVisualStudioVersion = 10.0.40219.1
Project("{9A19103F-16F7-4668-BE54-9A1E7A4F7556}") = "AppsettingsConfigurations", "AppsettingsConfigurations\AppsettingsConfigurations.csproj", "{6662F33D-A1E4-49FF-A6FD-C3A30633FD9E}"
EndProject
Global
	GlobalSection(SolutionConfigurationPlatforms) = preSolution
		Debug|Any CPU = Debug|Any CPU
		Release|Any CPU = Release|Any CPU
	EndGlobalSection
	GlobalSection(ProjectConfigurationPlatforms) = postSolution
		{6662F33D-A1E4-49FF-A6FD-C3A30633FD9E}.Debug|Any CPU.ActiveCfg = Debug|Any CPU
		{6662F33D-A1E4-49FF-A6FD-C3A30633FD9E}.Debug|Any CPU.Build.0 = Debug|Any CPU
		{6662F33D-A1E4-49FF-A6FD-C3A30633FD9E}.Release|Any CPU.ActiveCfg = Release|Any CPU
		{6662F33D-A1E4-49FF-A6FD-C3A30633FD9E}.Release|Any CPU.Build.0 = Release|Any CPU
	EndGlobalSection
	GlobalSection(SolutionProperties) = preSolution
		HideSolutionNode = FALSE
	EndGlobalSection
	GlobalSection(ExtensibilityGlobals) = postSolution
		SolutionGuid = {0D33D35F-7128-42F5-B65F-49372E843BC1}
	EndGlobalSection
EndGlobal
